
Microsoft Visual Studio Solution File, Format Version 12.00
# Visual Studio Version 16
VisualStudioVersion = 16.0.31424.327
MinimumVisualStudioVersion = 10.0.40219.1
Project("{9A19103F-16F7-4668-BE54-9A1E7A4F7556}") = "UniqueWordsCounter.ConsoleUI", "UniqueWordsCounter.ConsoleUI\UniqueWordsCounter.ConsoleUI.csproj", "{1F8186D9-E852-4112-A43D-92911F948A6A}"
EndProject
Project("{9A19103F-16F7-4668-BE54-9A1E7A4F7556}") = "UniqueWordsCounter.Core", "UniqueWordsCounter.Core\UniqueWordsCounter.Core.csproj", "{460002DF-063E-42B6-98D0-9137F2E99E76}"
EndProject
Global
	GlobalSection(SolutionConfigurationPlatforms) = preSolution
		Debug|Any CPU = Debug|Any CPU
		Release|Any CPU = Release|Any CPU
	EndGlobalSection
	GlobalSection(ProjectConfigurationPlatforms) = postSolution
		{1F8186D9-E852-4112-A43D-92911F948A6A}.Debug|Any CPU.ActiveCfg = Debug|Any CPU
		{1F8186D9-E852-4112-A43D-92911F948A6A}.Debug|Any CPU.Build.0 = Debug|Any CPU
		{1F8186D9-E852-4112-A43D-92911F948A6A}.Release|Any CPU.ActiveCfg = Release|Any CPU
		{1F8186D9-E852-4112-A43D-92911F948A6A}.Release|Any CPU.Build.0 = Release|Any CPU
		{460002DF-063E-42B6-98D0-9137F2E99E76}.Debug|Any CPU.ActiveCfg = Debug|Any CPU
		{460002DF-063E-42B6-98D0-9137F2E99E76}.Debug|Any CPU.Build.0 = Debug|Any CPU
		{460002DF-063E-42B6-98D0-9137F2E99E76}.Release|Any CPU.ActiveCfg = Release|Any CPU
		{460002DF-063E-42B6-98D0-9137F2E99E76}.Release|Any CPU.Build.0 = Release|Any CPU
	EndGlobalSection
	GlobalSection(SolutionProperties) = preSolution
		HideSolutionNode = FALSE
	EndGlobalSection
	GlobalSection(ExtensibilityGlobals) = postSolution
		SolutionGuid = {4B5E64C8-4ED4-4CA3-854B-471A3BA4267D}
	EndGlobalSection
EndGlobal
